lockfileVersion: '6.0'

settings:
  autoInstallPeers: true
  excludeLinksFromLockfile: false

dependencies:
  immer:
    specifier: ^10.1.1
    version: 10.1.1
  react:
    specifier: ~18.2.0
    version: 18.2.0
  zustand:
    specifier: ^4.5.2
    version: 4.5.2(immer@10.1.1)(react@18.2.0)

devDependencies:
  typescript:
    specifier: ^5.4.5
    version: 5.4.5

packages:

  /immer@10.1.1:
    resolution: {integrity: sha512-s2MPrmjovJcoMaHtx6K11Ra7oD05NT97w1IC5zpMkT6Atjr7H8LjaDd81iIxUYpMKSRRNMJE703M1Fhr/TctHw==}
    dev: false

  /js-tokens@4.0.0:
    resolution: {integrity: sha512-RdJUflcE3cUzKiMqQgsCu06FPu9UdIJO0beYbPhHN4k6apgJtifcoCtT9bcxOpYBtpD2kCM6Sbzg4CausW/PKQ==}
    dev: false

  /loose-envify@1.4.0:
    resolution: {integrity: sha512-lyuxPGr/Wfhrlem2CL/UcnUc1zcqKAImBDzukY7Y5F/yQiNdko6+fRLevlw1HgMySw7f611UIY408EtxRSoK3Q==}
    hasBin: true
    dependencies:
      js-tokens: 4.0.0
    dev: false

  /react@18.2.0:
    resolution: {integrity: sha512-/3IjMdb2L9QbBdWiW5e3P2/npwMBaU9mHCSCUzNln0ZCYbcfTsGbTJrU/kGemdH2IWmB2ioZ+zkxtmq6g09fGQ==}
    engines: {node: '>=0.10.0'}
    dependencies:
      loose-envify: 1.4.0
    dev: false

  /typescript@5.4.5:
    resolution: {integrity: sha512-vcI4UpRgg81oIRUFwR0WSIHKt11nJ7SAVlYNIu+QpqeyXP+gpQJy/Z4+F0aGxSE4MqwjyXvW/TzgkLAx2AGHwQ==}
    engines: {node: '>=14.17'}
    hasBin: true
    dev: true

  /use-sync-external-store@1.2.0(react@18.2.0):
    resolution: {integrity: sha512-eEgnFxGQ1Ife9bzYs6VLi8/4X6CObHMw9Qr9tPY43iKwsPw8xE8+EFsf/2cFZ5S3esXgpWgtSCtLNS41F+sKPA==}
    peerDependencies:
      react: ^16.8.0 || ^17.0.0 || ^18.0.0
    dependencies:
      react: 18.2.0
    dev: false

  /zustand@4.5.2(immer@10.1.1)(react@18.2.0):
    resolution: {integrity: sha512-2cN1tPkDVkwCy5ickKrI7vijSjPksFRfqS6237NzT0vqSsztTNnQdHw9mmN7uBdk3gceVXU0a+21jFzFzAc9+g==}
    engines: {node: '>=12.7.0'}
    peerDependencies:
      '@types/react': '>=16.8'
      immer: '>=9.0.6'
      react: '>=16.8'
    peerDependenciesMeta:
      '@types/react':
        optional: true
      immer:
        optional: true
      react:
        optional: true
    dependencies:
      immer: 10.1.1
      react: 18.2.0
      use-sync-external-store: 1.2.0(react@18.2.0)
    dev: false
